
Microsoft Visual Studio Solution File, Format Version 12.00
# Visual Studio Version 17
VisualStudioVersion = 17.0.32002.185
MinimumVisualStudioVersion = 10.0.40219.1
Project("{9A19103F-16F7-4668-BE54-9A1E7A4F7556}") = "TaskStar.ZvtTest.StartApp", "StartApp\TaskStar.ZvtTest.StartApp.csproj", "{72B82477-A0D3-4DCD-88C3-D5ECB7A436CA}"
EndProject
Project("{9A19103F-16F7-4668-BE54-9A1E7A4F7556}") = "TaskStar.ZvtTest.Contracts", "Contracts\TaskStar.ZvtTest.Contracts.csproj", "{826D9A48-9AB7-48A7-9853-34AA240116D7}"
EndProject
Project("{9A19103F-16F7-4668-BE54-9A1E7A4F7556}") = "TaskStar.ZvtTest.ZvtManager", "ZvtManager\TaskStar.ZvtTest.ZvtManager.csproj", "{230C9DC7-6182-422D-B99D-3A3708C034EE}"
EndProject
Global
	GlobalSection(SolutionConfigurationPlatforms) = preSolution
		Debug|Any CPU = Debug|Any CPU
		Debug|x86 = Debug|x86
		Release|Any CPU = Release|Any CPU
		Release|x86 = Release|x86
	EndGlobalSection
	GlobalSection(ProjectConfigurationPlatforms) = postSolution
		{72B82477-A0D3-4DCD-88C3-D5ECB7A436CA}.Debug|Any CPU.ActiveCfg = Debug|Any CPU
		{72B82477-A0D3-4DCD-88C3-D5ECB7A436CA}.Debug|Any CPU.Build.0 = Debug|Any CPU
		{72B82477-A0D3-4DCD-88C3-D5ECB7A436CA}.Debug|x86.ActiveCfg = Debug|x86
		{72B82477-A0D3-4DCD-88C3-D5ECB7A436CA}.Debug|x86.Build.0 = Debug|x86
		{72B82477-A0D3-4DCD-88C3-D5ECB7A436CA}.Release|Any CPU.ActiveCfg = Release|Any CPU
		{72B82477-A0D3-4DCD-88C3-D5ECB7A436CA}.Release|Any CPU.Build.0 = Release|Any CPU
		{72B82477-A0D3-4DCD-88C3-D5ECB7A436CA}.Release|x86.ActiveCfg = Release|x86
		{72B82477-A0D3-4DCD-88C3-D5ECB7A436CA}.Release|x86.Build.0 = Release|x86
		{826D9A48-9AB7-48A7-9853-34AA240116D7}.Debug|Any CPU.ActiveCfg = Debug|Any CPU
		{826D9A48-9AB7-48A7-9853-34AA240116D7}.Debug|Any CPU.Build.0 = Debug|Any CPU
		{826D9A48-9AB7-48A7-9853-34AA240116D7}.Debug|x86.ActiveCfg = Debug|Any CPU
		{826D9A48-9AB7-48A7-9853-34AA240116D7}.Debug|x86.Build.0 = Debug|Any CPU
		{826D9A48-9AB7-48A7-9853-34AA240116D7}.Release|Any CPU.ActiveCfg = Release|Any CPU
		{826D9A48-9AB7-48A7-9853-34AA240116D7}.Release|Any CPU.Build.0 = Release|Any CPU
		{826D9A48-9AB7-48A7-9853-34AA240116D7}.Release|x86.ActiveCfg = Release|Any CPU
		{826D9A48-9AB7-48A7-9853-34AA240116D7}.Release|x86.Build.0 = Release|Any CPU
		{230C9DC7-6182-422D-B99D-3A3708C034EE}.Debug|Any CPU.ActiveCfg = Debug|Any CPU
		{230C9DC7-6182-422D-B99D-3A3708C034EE}.Debug|Any CPU.Build.0 = Debug|Any CPU
		{230C9DC7-6182-422D-B99D-3A3708C034EE}.Debug|x86.ActiveCfg = Debug|Any CPU
		{230C9DC7-6182-422D-B99D-3A3708C034EE}.Debug|x86.Build.0 = Debug|Any CPU
		{230C9DC7-6182-422D-B99D-3A3708C034EE}.Release|Any CPU.ActiveCfg = Release|Any CPU
		{230C9DC7-6182-422D-B99D-3A3708C034EE}.Release|Any CPU.Build.0 = Release|Any CPU
		{230C9DC7-6182-422D-B99D-3A3708C034EE}.Release|x86.ActiveCfg = Release|Any CPU
		{230C9DC7-6182-422D-B99D-3A3708C034EE}.Release|x86.Build.0 = Release|Any CPU
	EndGlobalSection
	GlobalSection(SolutionProperties) = preSolution
		HideSolutionNode = FALSE
	EndGlobalSection
	GlobalSection(ExtensibilityGlobals) = postSolution
		SolutionGuid = {D93A2E10-D40E-4602-8C5A-B6541E6CA406}
	EndGlobalSection
EndGlobal
